// !$*UTF8*$!
{
	archiveVersion = 1;
	classes = {
	};
	objectVersion = 50;
	objects = {

/* Begin PBXBuildFile section */
		F252662625B309BA0001D324 /* MaskViewController.swift in Sources */ = {isa = PBXBuildFile; fileRef = F252662525B309BA0001D324 /* MaskViewController.swift */; };
		F252662A25B309E90001D324 /* MaskPushTransition.swift in Sources */ = {isa = PBXBuildFile; fileRef = F252662925B309E90001D324 /* MaskPushTransition.swift */; };
		F252663025B30C220001D324 /* MaskView.swift in Sources */ = {isa = PBXBuildFile; fileRef = F252662F25B30C220001D324 /* MaskView.swift */; };
		F252663B25B362E90001D324 /* MoveElementsViewController.swift in Sources */ = {isa = PBXBuildFile; fileRef = F252663A25B362E90001D324 /* MoveElementsViewController.swift */; };
		F252664025B363200001D324 /* FoldViewController.swift in Sources */ = {isa = PBXBuildFile; fileRef = F252663F25B363200001D324 /* FoldViewController.swift */; };
		F252664425B363440001D324 /* FoldTransition.swift in Sources */ = {isa = PBXBuildFile; fileRef = F252664325B363430001D324 /* FoldTransition.swift */; };
		F252664825B388190001D324 /* ColorExtension.swift in Sources */ = {isa = PBXBuildFile; fileRef = F252664725B388190001D324 /* ColorExtension.swift */; };
		F258214B25B242FC00E81A19 /* ImageLabelViewController.swift in Sources */ = {isa = PBXBuildFile; fileRef = F258214A25B242FC00E81A19 /* ImageLabelViewController.swift */; };
		F258214F25B2431E00E81A19 /* ImageLabelView.swift in Sources */ = {isa = PBXBuildFile; fileRef = F258214E25B2431E00E81A19 /* ImageLabelView.swift */; };
		F258215A25B306A000E81A19 /* MoveElementsTransition.swift in Sources */ = {isa = PBXBuildFile; fileRef = F258215925B306A000E81A19 /* MoveElementsTransition.swift */; };
		F261A1C425B409D000C3AB3A /* TileTransition.swift in Sources */ = {isa = PBXBuildFile; fileRef = F261A1C325B409D000C3AB3A /* TileTransition.swift */; };
		F261A1C725B40A8000C3AB3A /* TileViewController.swift in Sources */ = {isa = PBXBuildFile; fileRef = F261A1C625B40A8000C3AB3A /* TileViewController.swift */; };
		F2A2844125B200AB003E72C8 /* AppDelegate.swift in Sources */ = {isa = PBXBuildFile; fileRef = F2A2844025B200AB003E72C8 /* AppDelegate.swift */; };
		F2A2844325B200AB003E72C8 /* SceneDelegate.swift in Sources */ = {isa = PBXBuildFile; fileRef = F2A2844225B200AB003E72C8 /* SceneDelegate.swift */; };
		F2A2844A25B200B7003E72C8 /* Assets.xcassets in Resources */ = {isa = PBXBuildFile; fileRef = F2A2844925B200B7003E72C8 /* Assets.xcassets */; };
		F2A2844D25B200B7003E72C8 /* LaunchScreen.storyboard in Resources */ = {isa = PBXBuildFile; fileRef = F2A2844B25B200B7003E72C8 /* LaunchScreen.storyboard */; };
		F2A2845625B2011B003E72C8 /* TransitionsViewController.swift in Sources */ = {isa = PBXBuildFile; fileRef = F2A2845525B2011B003E72C8 /* TransitionsViewController.swift */; };
		F2A2845B25B20558003E72C8 /* RandomColorViewController.swift in Sources */ = {isa = PBXBuildFile; fileRef = F2A2845A25B20558003E72C8 /* RandomColorViewController.swift */; };
		F2A2845E25B20731003E72C8 /* FromBottomPushTransition.swift in Sources */ = {isa = PBXBuildFile; fileRef = F2A2845D25B20731003E72C8 /* FromBottomPushTransition.swift */; };
		F2A2846125B20A56003E72C8 /* NavigationControllerDelegate.swift in Sources */ = {isa = PBXBuildFile; fileRef = F2A2846025B20A56003E72C8 /* NavigationControllerDelegate.swift */; };
		F2A2846425B20CE3003E72C8 /* FromBottomViewController.swift in Sources */ = {isa = PBXBuildFile; fileRef = F2A2846325B20CE3003E72C8 /* FromBottomViewController.swift */; };
		F2A2846725B20F92003E72C8 /* ToBottomPopTransition.swift in Sources */ = {isa = PBXBuildFile; fileRef = F2A2846625B20F92003E72C8 /* ToBottomPopTransition.swift */; };
		F2F544FF25B4651C000C7BC3 /* MaskPopTransition.swift in Sources */ = {isa = PBXBuildFile; fileRef = F2F544FE25B4651C000C7BC3 /* MaskPopTransition.swift */; };
/* End PBXBuildFile section */

/* Begin PBXFileReference section */
		F252662525B309BA0001D324 /* MaskViewController.swift */ = {isa = PBXFileReference; lastKnownFileType = sourcecode.swift; path = MaskViewController.swift; sourceTree = "<group>"; };
		F252662925B309E90001D324 /* MaskPushTransition.swift */ = {isa = PBXFileReference; lastKnownFileType = sourcecode.swift; path = MaskPushTransition.swift; sourceTree = "<group>"; };
		F252662F25B30C220001D324 /* MaskView.swift */ = {isa = PBXFileReference; lastKnownFileType = sourcecode.swift; path = MaskView.swift; sourceTree = "<group>"; };
		F252663A25B362E90001D324 /* MoveElementsViewController.swift */ = {isa = PBXFileReference; lastKnownFileType = sourcecode.swift; path = MoveElementsViewController.swift; sourceTree = "<group>"; };
		F252663F25B363200001D324 /* FoldViewController.swift */ = {isa = PBXFileReference; lastKnownFileType = sourcecode.swift; path = FoldViewController.swift; sourceTree = "<group>"; };
		F252664325B363430001D324 /* FoldTransition.swift */ = {isa = PBXFileReference; lastKnownFileType = sourcecode.swift; path = FoldTransition.swift; sourceTree = "<group>"; };
		F252664725B388190001D324 /* ColorExtension.swift */ = {isa = PBXFileReference; lastKnownFileType = sourcecode.swift; path = ColorExtension.swift; sourceTree = "<group>"; };
		F258214A25B242FC00E81A19 /* ImageLabelViewController.swift */ = {isa = PBXFileReference; lastKnownFileType = sourcecode.swift; path = ImageLabelViewController.swift; sourceTree = "<group>"; };
		F258214E25B2431E00E81A19 /* ImageLabelView.swift */ = {isa = PBXFileReference; lastKnownFileType = sourcecode.swift; path = ImageLabelView.swift; sourceTree = "<group>"; };
		F258215925B306A000E81A19 /* MoveElementsTransition.swift */ = {isa = PBXFileReference; fileEncoding = 4; lastKnownFileType = sourcecode.swift; path = MoveElementsTransition.swift; sourceTree = "<group>"; };
		F261A1C325B409D000C3AB3A /* TileTransition.swift */ = {isa = PBXFileReference; lastKnownFileType = sourcecode.swift; path = TileTransition.swift; sourceTree = "<group>"; };
		F261A1C625B40A8000C3AB3A /* TileViewController.swift */ = {isa = PBXFileReference; lastKnownFileType = sourcecode.swift; path = TileViewController.swift; sourceTree = "<group>"; };
		F2A2843D25B200AB003E72C8 /* AnimatedTransitionDemo.app */ = {isa = PBXFileReference; explicitFileType = wrapper.application; includeInIndex = 0; path = AnimatedTransitionDemo.app; sourceTree = BUILT_PRODUCTS_DIR; };
		F2A2844025B200AB003E72C8 /* AppDelegate.swift */ = {isa = PBXFileReference; lastKnownFileType = sourcecode.swift; path = AppDelegate.swift; sourceTree = "<group>"; };
		F2A2844225B200AB003E72C8 /* SceneDelegate.swift */ = {isa = PBXFileReference; lastKnownFileType = sourcecode.swift; path = SceneDelegate.swift; sourceTree = "<group>"; };
		F2A2844925B200B7003E72C8 /* Assets.xcassets */ = {isa = PBXFileReference; lastKnownFileType = folder.assetcatalog; path = Assets.xcassets; sourceTree = "<group>"; };
		F2A2844C25B200B7003E72C8 /* Base */ = {isa = PBXFileReference; lastKnownFileType = file.storyboard; name = Base; path = Base.lproj/LaunchScreen.storyboard; sourceTree = "<group>"; };
		F2A2844E25B200B7003E72C8 /* Info.plist */ = {isa = PBXFileReference; lastKnownFileType = text.plist.xml; path = Info.plist; sourceTree = "<group>"; };
		F2A2845525B2011B003E72C8 /* TransitionsViewController.swift */ = {isa = PBXFileReference; lastKnownFileType = sourcecode.swift; path = TransitionsViewController.swift; sourceTree = "<group>"; };
		F2A2845A25B20558003E72C8 /* RandomColorViewController.swift */ = {isa = PBXFileReference; lastKnownFileType = sourcecode.swift; path = RandomColorViewController.swift; sourceTree = "<group>"; };
		F2A2845D25B20731003E72C8 /* FromBottomPushTransition.swift */ = {isa = PBXFileReference; lastKnownFileType = sourcecode.swift; path = FromBottomPushTransition.swift; sourceTree = "<group>"; };
		F2A2846025B20A56003E72C8 /* NavigationControllerDelegate.swift */ = {isa = PBXFileReference; lastKnownFileType = sourcecode.swift; path = NavigationControllerDelegate.swift; sourceTree = "<group>"; };
		F2A2846325B20CE3003E72C8 /* FromBottomViewController.swift */ = {isa = PBXFileReference; lastKnownFileType = sourcecode.swift; path = FromBottomViewController.swift; sourceTree = "<group>"; };
		F2A2846625B20F92003E72C8 /* ToBottomPopTransition.swift */ = {isa = PBXFileReference; lastKnownFileType = sourcecode.swift; path = ToBottomPopTransition.swift; sourceTree = "<group>"; };
		F2F544FE25B4651C000C7BC3 /* MaskPopTransition.swift */ = {isa = PBXFileReference; lastKnownFileType = sourcecode.swift; path = MaskPopTransition.swift; sourceTree = "<group>"; };
/* End PBXFileReference section */

/* Begin PBXFrameworksBuildPhase section */
		F2A2843A25B200AB003E72C8 /* Frameworks */ = {
			isa = PBXFrameworksBuildPhase;
			buildActionMask = 2147483647;
			files = (
			);
			runOnlyForDeploymentPostprocessing = 0;
		};
/* End PBXFrameworksBuildPhase section */

/* Begin PBXGroup section */
		F252662825B309CD0001D324 /* Mask */ = {
			isa = PBXGroup;
			children = (
				F252662525B309BA0001D324 /* MaskViewController.swift */,
				F252662F25B30C220001D324 /* MaskView.swift */,
				F252662925B309E90001D324 /* MaskPushTransition.swift */,
				F2F544FE25B4651C000C7BC3 /* MaskPopTransition.swift */,
			);
			path = Mask;
			sourceTree = "<group>";
		};
		F252664225B363280001D324 /* Fold */ = {
			isa = PBXGroup;
			children = (
				F252663F25B363200001D324 /* FoldViewController.swift */,
				F252664325B363430001D324 /* FoldTransition.swift */,
			);
			path = Fold;
			sourceTree = "<group>";
		};
		F258214925B242A300E81A19 /* FromBottom */ = {
			isa = PBXGroup;
			children = (
				F2A2846325B20CE3003E72C8 /* FromBottomViewController.swift */,
				F2A2845D25B20731003E72C8 /* FromBottomPushTransition.swift */,
				F2A2846625B20F92003E72C8 /* ToBottomPopTransition.swift */,
			);
			path = FromBottom;
			sourceTree = "<group>";
		};
		F258215125B3014000E81A19 /* MoveElements */ = {
			isa = PBXGroup;
			children = (
				F252663A25B362E90001D324 /* MoveElementsViewController.swift */,
				F258215925B306A000E81A19 /* MoveElementsTransition.swift */,
			);
			path = MoveElements;
			sourceTree = "<group>";
		};
		F261A1C925B40A9300C3AB3A /* Tile */ = {
			isa = PBXGroup;
			children = (
				F261A1C325B409D000C3AB3A /* TileTransition.swift */,
				F261A1C625B40A8000C3AB3A /* TileViewController.swift */,
			);
			path = Tile;
			sourceTree = "<group>";
		};
		F2A2843425B200AB003E72C8 = {
			isa = PBXGroup;
			children = (
				F2A2843F25B200AB003E72C8 /* AnimatedTransitionDemo */,
				F2A2843E25B200AB003E72C8 /* Products */,
			);
			sourceTree = "<group>";
		};
		F2A2843E25B200AB003E72C8 /* Products */ = {
			isa = PBXGroup;
			children = (
				F2A2843D25B200AB003E72C8 /* AnimatedTransitionDemo.app */,
			);
			name = Products;
			sourceTree = "<group>";
		};
		F2A2843F25B200AB003E72C8 /* AnimatedTransitionDemo */ = {
			isa = PBXGroup;
			children = (
				F2A2844025B200AB003E72C8 /* AppDelegate.swift */,
				F2A2844225B200AB003E72C8 /* SceneDelegate.swift */,
				F2A2845525B2011B003E72C8 /* TransitionsViewController.swift */,
				F2A2846025B20A56003E72C8 /* NavigationControllerDelegate.swift */,
				F2A2845A25B20558003E72C8 /* RandomColorViewController.swift */,
				F258214A25B242FC00E81A19 /* ImageLabelViewController.swift */,
				F258214E25B2431E00E81A19 /* ImageLabelView.swift */,
				F252664725B388190001D324 /* ColorExtension.swift */,
				F258215125B3014000E81A19 /* MoveElements */,
				F258214925B242A300E81A19 /* FromBottom */,
				F252662825B309CD0001D324 /* Mask */,
				F261A1C925B40A9300C3AB3A /* Tile */,
				F252664225B363280001D324 /* Fold */,
				F2A2844925B200B7003E72C8 /* Assets.xcassets */,
				F2A2844B25B200B7003E72C8 /* LaunchScreen.storyboard */,
				F2A2844E25B200B7003E72C8 /* Info.plist */,
			);
			path = AnimatedTransitionDemo;
			sourceTree = "<group>";
		};
/* End PBXGroup section */

/* Begin PBXNativeTarget section */
		F2A2843C25B200AB003E72C8 /* AnimatedTransitionDemo */ = {
			isa = PBXNativeTarget;
			buildConfigurationList = F2A2845125B200B7003E72C8 /* Build configuration list for PBXNativeTarget "AnimatedTransitionDemo" */;
			buildPhases = (
				F2A2843925B200AB003E72C8 /* Sources */,
				F2A2843A25B200AB003E72C8 /* Frameworks */,
				F2A2843B25B200AB003E72C8 /* Resources */,
			);
			buildRules = (
			);
			dependencies = (
			);
			name = AnimatedTransitionDemo;
			productName = AnimatedTransitionDemo;
			productReference = F2A2843D25B200AB003E72C8 /* AnimatedTransitionDemo.app */;
			productType = "com.apple.product-type.application";
		};
/* End PBXNativeTarget section */

/* Begin PBXProject section */
		F2A2843525B200AB003E72C8 /* Project object */ = {
			isa = PBXProject;
			attributes = {
				LastSwiftUpdateCheck = 1220;
				LastUpgradeCheck = 1220;
				TargetAttributes = {
					F2A2843C25B200AB003E72C8 = {
						CreatedOnToolsVersion = 12.2;
					};
				};
			};
			buildConfigurationList = F2A2843825B200AB003E72C8 /* Build configuration list for PBXProject "AnimatedTransitionDemo" */;
			compatibilityVersion = "Xcode 9.3";
			developmentRegion = en;
			hasScannedForEncodings = 0;
			knownRegions = (
				en,
				Base,
			);
			mainGroup = F2A2843425B200AB003E72C8;
			productRefGroup = F2A2843E25B200AB003E72C8 /* Products */;
			projectDirPath = "";
			projectRoot = "";
			targets = (
				F2A2843C25B200AB003E72C8 /* AnimatedTransitionDemo */,
			);
		};
/* End PBXProject section */

/* Begin PBXResourcesBuildPhase section */
		F2A2843B25B200AB003E72C8 /* Resources */ = {
			isa = PBXResourcesBuildPhase;
			buildActionMask = 2147483647;
			files = (
				F2A2844D25B200B7003E72C8 /* LaunchScreen.storyboard in Resources */,
				F2A2844A25B200B7003E72C8 /* Assets.xcassets in Resources */,
			);
			runOnlyForDeploymentPostprocessing = 0;
		};
/* End PBXResourcesBuildPhase section */

/* Begin PBXSourcesBuildPhase section */
		F2A2843925B200AB003E72C8 /* Sources */ = {
			isa = PBXSourcesBuildPhase;
			buildActionMask = 2147483647;
			files = (
				F252664025B363200001D324 /* FoldViewController.swift in Sources */,
				F2A2845E25B20731003E72C8 /* FromBottomPushTransition.swift in Sources */,
				F261A1C425B409D000C3AB3A /* TileTransition.swift in Sources */,
				F258214F25B2431E00E81A19 /* ImageLabelView.swift in Sources */,
				F261A1C725B40A8000C3AB3A /* TileViewController.swift in Sources */,
				F252664825B388190001D324 /* ColorExtension.swift in Sources */,
				F258215A25B306A000E81A19 /* MoveElementsTransition.swift in Sources */,
				F252664425B363440001D324 /* FoldTransition.swift in Sources */,
				F258214B25B242FC00E81A19 /* ImageLabelViewController.swift in Sources */,
				F2A2844125B200AB003E72C8 /* AppDelegate.swift in Sources */,
				F2A2846425B20CE3003E72C8 /* FromBottomViewController.swift in Sources */,
				F2A2845B25B20558003E72C8 /* RandomColorViewController.swift in Sources */,
				F2A2844325B200AB003E72C8 /* SceneDelegate.swift in Sources */,
				F2A2846125B20A56003E72C8 /* NavigationControllerDelegate.swift in Sources */,
				F2A2846725B20F92003E72C8 /* ToBottomPopTransition.swift in Sources */,
				F252663B25B362E90001D324 /* MoveElementsViewController.swift in Sources */,
				F2F544FF25B4651C000C7BC3 /* MaskPopTransition.swift in Sources */,
				F252662A25B309E90001D324 /* MaskPushTransition.swift in Sources */,
				F252662625B309BA0001D324 /* MaskViewController.swift in Sources */,
				F252663025B30C220001D324 /* MaskView.swift in Sources */,
				F2A2845625B2011B003E72C8 /* TransitionsViewController.swift in Sources */,
			);
			runOnlyForDeploymentPostprocessing = 0;
		};
/* End PBXSourcesBuildPhase section */

/* Begin PBXVariantGroup section */
		F2A2844B25B200B7003E72C8 /* LaunchScreen.storyboard */ = {
			isa = PBXVariantGroup;
			children = (
				F2A2844C25B200B7003E72C8 /* Base */,
			);
			name = LaunchScreen.storyboard;
			sourceTree = "<group>";
		};
/* End PBXVariantGroup section */

/* Begin XCBuildConfiguration section */
		F2A2844F25B200B7003E72C8 /* Debug */ = {
			isa = XCBuildConfiguration;
			buildSettings = {
				ALWAYS_SEARCH_USER_PATHS = NO;
				CLANG_ANALYZER_NONNULL = YES;
				CLANG_ANALYZER_NUMBER_OBJECT_CONVERSION = YES_AGGRESSIVE;
				CLANG_CXX_LANGUAGE_STANDARD = "gnu++14";
				CLANG_CXX_LIBRARY = "libc++";
				CLANG_ENABLE_MODULES = YES;
				CLANG_ENABLE_OBJC_ARC = YES;
				CLANG_ENABLE_OBJC_WEAK = YES;
				CLANG_WARN_BLOCK_CAPTURE_AUTORELEASING = YES;
				CLANG_WARN_BOOL_CONVERSION = YES;
				CLANG_WARN_COMMA = YES;
				CLANG_WARN_CONSTANT_CONVERSION = YES;
				CLANG_WARN_DEPRECATED_OBJC_IMPLEMENTATIONS = YES;
				CLANG_WARN_DIRECT_OBJC_ISA_USAGE = YES_ERROR;
				CLANG_WARN_DOCUMENTATION_COMMENTS = YES;
				CLANG_WARN_EMPTY_BODY = YES;
				CLANG_WARN_ENUM_CONVERSION = YES;
				CLANG_WARN_INFINITE_RECURSION = YES;
				CLANG_WARN_INT_CONVERSION = YES;
				CLANG_WARN_NON_LITERAL_NULL_CONVERSION = YES;
				CLANG_WARN_OBJC_IMPLICIT_RETAIN_SELF = YES;
				CLANG_WARN_OBJC_LITERAL_CONVERSION = YES;
				CLANG_WARN_OBJC_ROOT_CLASS = YES_ERROR;
				CLANG_WARN_QUOTED_INCLUDE_IN_FRAMEWORK_HEADER = YES;
				CLANG_WARN_RANGE_LOOP_ANALYSIS = YES;
				CLANG_WARN_STRICT_PROTOTYPES = YES;
				CLANG_WARN_SUSPICIOUS_MOVE = YES;
				CLANG_WARN_UNGUARDED_AVAILABILITY = YES_AGGRESSIVE;
				CLANG_WARN_UNREACHABLE_CODE = YES;
				CLANG_WARN__DUPLICATE_METHOD_MATCH = YES;
				COPY_PHASE_STRIP = NO;
				DEBUG_INFORMATION_FORMAT = dwarf;
				ENABLE_STRICT_OBJC_MSGSEND = YES;
				ENABLE_TESTABILITY = YES;
				GCC_C_LANGUAGE_STANDARD = gnu11;
				GCC_DYNAMIC_NO_PIC = NO;
				GCC_NO_COMMON_BLOCKS = YES;
				GCC_OPTIMIZATION_LEVEL = 0;
				GCC_PREPROCESSOR_DEFINITIONS = (
					"DEBUG=1",
					"$(inherited)",
				);
				GCC_WARN_64_TO_32_BIT_CONVERSION = YES;
				GCC_WARN_ABOUT_RETURN_TYPE = YES_ERROR;
				GCC_WARN_UNDECLARED_SELECTOR = YES;
				GCC_WARN_UNINITIALIZED_AUTOS = YES_AGGRESSIVE;
				GCC_WARN_UNUSED_FUNCTION = YES;
				GCC_WARN_UNUSED_VARIABLE = YES;
				IPHONEOS_DEPLOYMENT_TARGET = 14.2;
				MTL_ENABLE_DEBUG_INFO = INCLUDE_SOURCE;
				MTL_FAST_MATH = YES;
				ONLY_ACTIVE_ARCH = YES;
				SDKROOT = iphoneos;
				SWIFT_ACTIVE_COMPILATION_CONDITIONS = DEBUG;
				SWIFT_OPTIMIZATION_LEVEL = "-Onone";
			};
			name = Debug;
		};
		F2A2845025B200B7003E72C8 /* Release */ = {
			isa = XCBuildConfiguration;
			buildSettings = {
				ALWAYS_SEARCH_USER_PATHS = NO;
				CLANG_ANALYZER_NONNULL = YES;
				CLANG_ANALYZER_NUMBER_OBJECT_CONVERSION = YES_AGGRESSIVE;
				CLANG_CXX_LANGUAGE_STANDARD = "gnu++14";
				CLANG_CXX_LIBRARY = "libc++";
				CLANG_ENABLE_MODULES = YES;
				CLANG_ENABLE_OBJC_ARC = YES;
				CLANG_ENABLE_OBJC_WEAK = YES;
				CLANG_WARN_BLOCK_CAPTURE_AUTORELEASING = YES;
				CLANG_WARN_BOOL_CONVERSION = YES;
				CLANG_WARN_COMMA = YES;
				CLANG_WARN_CONSTANT_CONVERSION = YES;
				CLANG_WARN_DEPRECATED_OBJC_IMPLEMENTATIONS = YES;
				CLANG_WARN_DIRECT_OBJC_ISA_USAGE = YES_ERROR;
				CLANG_WARN_DOCUMENTATION_COMMENTS = YES;
				CLANG_WARN_EMPTY_BODY = YES;
				CLANG_WARN_ENUM_CONVERSION = YES;
				CLANG_WARN_INFINITE_RECURSION = YES;
				CLANG_WARN_INT_CONVERSION = YES;
				CLANG_WARN_NON_LITERAL_NULL_CONVERSION = YES;
				CLANG_WARN_OBJC_IMPLICIT_RETAIN_SELF = YES;
				CLANG_WARN_OBJC_LITERAL_CONVERSION = YES;
				CLANG_WARN_OBJC_ROOT_CLASS = YES_ERROR;
				CLANG_WARN_QUOTED_INCLUDE_IN_FRAMEWORK_HEADER = YES;
				CLANG_WARN_RANGE_LOOP_ANALYSIS = YES;
				CLANG_WARN_STRICT_PROTOTYPES = YES;
				CLANG_WARN_SUSPICIOUS_MOVE = YES;
				CLANG_WARN_UNGUARDED_AVAILABILITY = YES_AGGRESSIVE;
				CLANG_WARN_UNREACHABLE_CODE = YES;
				CLANG_WARN__DUPLICATE_METHOD_MATCH = YES;
				COPY_PHASE_STRIP = NO;
				DEBUG_INFORMATION_FORMAT = "dwarf-with-dsym";
				ENABLE_NS_ASSERTIONS = NO;
				ENABLE_STRICT_OBJC_MSGSEND = YES;
				GCC_C_LANGUAGE_STANDARD = gnu11;
				GCC_NO_COMMON_BLOCKS = YES;
				GCC_WARN_64_TO_32_BIT_CONVERSION = YES;
				GCC_WARN_ABOUT_RETURN_TYPE = YES_ERROR;
				GCC_WARN_UNDECLARED_SELECTOR = YES;
				GCC_WARN_UNINITIALIZED_AUTOS = YES_AGGRESSIVE;
				GCC_WARN_UNUSED_FUNCTION = YES;
				GCC_WARN_UNUSED_VARIABLE = YES;
				IPHONEOS_DEPLOYMENT_TARGET = 14.2;
				MTL_ENABLE_DEBUG_INFO = NO;
				MTL_FAST_MATH = YES;
				SDKROOT = iphoneos;
				SWIFT_COMPILATION_MODE = wholemodule;
				SWIFT_OPTIMIZATION_LEVEL = "-O";
				VALIDATE_PRODUCT = YES;
			};
			name = Release;
		};
		F2A2845225B200B7003E72C8 /* Debug */ = {
			isa = XCBuildConfiguration;
			buildSettings = {
				ASSETCATALOG_COMPILER_APPICON_NAME = AppIcon;
				ASSETCATALOG_COMPILER_GLOBAL_ACCENT_COLOR_NAME = AccentColor;
				CODE_SIGN_STYLE = Automatic;
				DEVELOPMENT_TEAM = Q6PD97MRX4;
				INFOPLIST_FILE = AnimatedTransitionDemo/Info.plist;
				LD_RUNPATH_SEARCH_PATHS = (
					"$(inherited)",
					"@executable_path/Frameworks",
				);
				PRODUCT_BUNDLE_IDENTIFIER = de.dasdom.AnimatedTransitionDemo;
				PRODUCT_NAME = "$(TARGET_NAME)";
				SWIFT_VERSION = 5.0;
				TARGETED_DEVICE_FAMILY = "1,2";
			};
			name = Debug;
		};
		F2A2845325B200B7003E72C8 /* Release */ = {
			isa = XCBuildConfiguration;
			buildSettings = {
				ASSETCATALOG_COMPILER_APPICON_NAME = AppIcon;
				ASSETCATALOG_COMPILER_GLOBAL_ACCENT_COLOR_NAME = AccentColor;
				CODE_SIGN_STYLE = Automatic;
				DEVELOPMENT_TEAM = Q6PD97MRX4;
				INFOPLIST_FILE = AnimatedTransitionDemo/Info.plist;
				LD_RUNPATH_SEARCH_PATHS = (
					"$(inherited)",
					"@executable_path/Frameworks",
				);
				PRODUCT_BUNDLE_IDENTIFIER = de.dasdom.AnimatedTransitionDemo;
				PRODUCT_NAME = "$(TARGET_NAME)";
				SWIFT_VERSION = 5.0;
				TARGETED_DEVICE_FAMILY = "1,2";
			};
			name = Release;
		};
/* End XCBuildConfiguration section */

/* Begin XCConfigurationList section */
		F2A2843825B200AB003E72C8 /* Build configuration list for PBXProject "AnimatedTransitionDemo" */ = {
			isa = XCConfigurationList;
			buildConfigurations = (
				F2A2844F25B200B7003E72C8 /* Debug */,
				F2A2845025B200B7003E72C8 /* Release */,
			);
			defaultConfigurationIsVisible = 0;
			defaultConfigurationName = Release;
		};
		F2A2845125B200B7003E72C8 /* Build configuration list for PBXNativeTarget "AnimatedTransitionDemo" */ = {
			isa = XCConfigurationList;
			buildConfigurations = (
				F2A2845225B200B7003E72C8 /* Debug */,
				F2A2845325B200B7003E72C8 /* Release */,
			);
			defaultConfigurationIsVisible = 0;
			defaultConfigurationName = Release;
		};
/* End XCConfigurationList section */
	};
	rootObject = F2A2843525B200AB003E72C8 /* Project object */;
}
